
Microsoft Visual Studio Solution File, Format Version 12.00
# Visual Studio Version 17
VisualStudioVersion = 17.5.33516.290
MinimumVisualStudioVersion = 10.0.40219.1
Project("{FAE04EC0-301F-11D3-BF4B-00C04F79EFBC}") = "CraftShop", "CraftShop\CraftShop.csproj", "{0ABC82C1-E856-4BB7-8CBD-A1F9F83A9151}"
EndProject
Global
	GlobalSection(SolutionConfigurationPlatforms) = preSolution
		Debug|Any CPU = Debug|Any CPU
		Release|Any CPU = Release|Any CPU
	EndGlobalSection
	GlobalSection(ProjectConfigurationPlatforms) = postSolution
		{0ABC82C1-E856-4BB7-8CBD-A1F9F83A9151}.Debug|Any CPU.ActiveCfg = Debug|Any CPU
		{0ABC82C1-E856-4BB7-8CBD-A1F9F83A9151}.Debug|Any CPU.Build.0 = Debug|Any CPU
		{0ABC82C1-E856-4BB7-8CBD-A1F9F83A9151}.Release|Any CPU.ActiveCfg = Release|Any CPU
		{0ABC82C1-E856-4BB7-8CBD-A1F9F83A9151}.Release|Any CPU.Build.0 = Release|Any CPU
	EndGlobalSection
	GlobalSection(SolutionProperties) = preSolution
		HideSolutionNode = FALSE
	EndGlobalSection
	GlobalSection(ExtensibilityGlobals) = postSolution
		SolutionGuid = {7E52B121-B5BA-40DE-A43A-736B1CF01BD3}
	EndGlobalSection
EndGlobal
